
Microsoft Visual Studio Solution File, Format Version 12.00
Project("{FAE04EC0-301F-11D3-BF4B-00C04F79EFBC}") = "ParserCombinator", "ParserCombinator\ParserCombinator.csproj", "{24F44AD9-A92C-454E-AE6F-8F1C2634243D}"
EndProject
Project("{FAE04EC0-301F-11D3-BF4B-00C04F79EFBC}") = "Tests", "Tests\Tests.csproj", "{712A1F08-A5B7-4FF1-9C7B-C85A334AA725}"
EndProject
Global
	GlobalSection(SolutionConfigurationPlatforms) = preSolution
		Debug|Any CPU = Debug|Any CPU
		Release|Any CPU = Release|Any CPU
	EndGlobalSection
	GlobalSection(ProjectConfigurationPlatforms) = postSolution
		{24F44AD9-A92C-454E-AE6F-8F1C2634243D}.Debug|Any CPU.ActiveCfg = Debug|Any CPU
		{24F44AD9-A92C-454E-AE6F-8F1C2634243D}.Debug|Any CPU.Build.0 = Debug|Any CPU
		{24F44AD9-A92C-454E-AE6F-8F1C2634243D}.Release|Any CPU.ActiveCfg = Release|Any CPU
		{24F44AD9-A92C-454E-AE6F-8F1C2634243D}.Release|Any CPU.Build.0 = Release|Any CPU
		{712A1F08-A5B7-4FF1-9C7B-C85A334AA725}.Debug|Any CPU.ActiveCfg = Debug|Any CPU
		{712A1F08-A5B7-4FF1-9C7B-C85A334AA725}.Debug|Any CPU.Build.0 = Debug|Any CPU
		{712A1F08-A5B7-4FF1-9C7B-C85A334AA725}.Release|Any CPU.ActiveCfg = Release|Any CPU
		{712A1F08-A5B7-4FF1-9C7B-C85A334AA725}.Release|Any CPU.Build.0 = Release|Any CPU
	EndGlobalSection
EndGlobal
